// !$*UTF8*$!
{
	archiveVersion = 1;
	classes = {
	};
	objectVersion = 50;
	objects = {

/* Begin PBXBuildFile section */
		CC8F7298258284CB00013784 /* AppDelegate.swift in Sources */ = {isa = PBXBuildFile; fileRef = CC8F7297258284CB00013784 /* AppDelegate.swift */; };
		CC8F729A258284CB00013784 /* SceneDelegate.swift in Sources */ = {isa = PBXBuildFile; fileRef = CC8F7299258284CB00013784 /* SceneDelegate.swift */; };
		CC8F72A1258284D000013784 /* Assets.xcassets in Resources */ = {isa = PBXBuildFile; fileRef = CC8F72A0258284D000013784 /* Assets.xcassets */; };
		CC8F72A4258284D000013784 /* LaunchScreen.storyboard in Resources */ = {isa = PBXBuildFile; fileRef = CC8F72A2258284D000013784 /* LaunchScreen.storyboard */; };
		CC8F72AF258285D800013784 /* SnowAnimationVC.swift in Sources */ = {isa = PBXBuildFile; fileRef = CC8F72AE258285D800013784 /* SnowAnimationVC.swift */; };
		CC8F72B325832FFD00013784 /* GradientView.swift in Sources */ = {isa = PBXBuildFile; fileRef = CC8F72B225832FFD00013784 /* GradientView.swift */; };
		CC8F72B72583332200013784 /* ParticleView.swift in Sources */ = {isa = PBXBuildFile; fileRef = CC8F72B62583332200013784 /* ParticleView.swift */; };
		CC8F72BB258338C600013784 /* ShapeView.swift in Sources */ = {isa = PBXBuildFile; fileRef = CC8F72BA258338C600013784 /* ShapeView.swift */; };
/* End PBXBuildFile section */

/* Begin PBXFileReference section */
		CC8F7294258284CB00013784 /* SnowSceneAnimation.app */ = {isa = PBXFileReference; explicitFileType = wrapper.application; includeInIndex = 0; path = SnowSceneAnimation.app; sourceTree = BUILT_PRODUCTS_DIR; };
		CC8F7297258284CB00013784 /* AppDelegate.swift */ = {isa = PBXFileReference; lastKnownFileType = sourcecode.swift; path = AppDelegate.swift; sourceTree = "<group>"; };
		CC8F7299258284CB00013784 /* SceneDelegate.swift */ = {isa = PBXFileReference; lastKnownFileType = sourcecode.swift; path = SceneDelegate.swift; sourceTree = "<group>"; };
		CC8F72A0258284D000013784 /* Assets.xcassets */ = {isa = PBXFileReference; lastKnownFileType = folder.assetcatalog; path = Assets.xcassets; sourceTree = "<group>"; };
		CC8F72A3258284D000013784 /* Base */ = {isa = PBXFileReference; lastKnownFileType = file.storyboard; name = Base; path = Base.lproj/LaunchScreen.storyboard; sourceTree = "<group>"; };
		CC8F72A5258284D000013784 /* Info.plist */ = {isa = PBXFileReference; lastKnownFileType = text.plist.xml; path = Info.plist; sourceTree = "<group>"; };
		CC8F72AE258285D800013784 /* SnowAnimationVC.swift */ = {isa = PBXFileReference; lastKnownFileType = sourcecode.swift; path = SnowAnimationVC.swift; sourceTree = "<group>"; };
		CC8F72B225832FFD00013784 /* GradientView.swift */ = {isa = PBXFileReference; lastKnownFileType = sourcecode.swift; path = GradientView.swift; sourceTree = "<group>"; };
		CC8F72B62583332200013784 /* ParticleView.swift */ = {isa = PBXFileReference; lastKnownFileType = sourcecode.swift; path = ParticleView.swift; sourceTree = "<group>"; };
		CC8F72BA258338C600013784 /* ShapeView.swift */ = {isa = PBXFileReference; lastKnownFileType = sourcecode.swift; path = ShapeView.swift; sourceTree = "<group>"; };
/* End PBXFileReference section */

/* Begin PBXFrameworksBuildPhase section */
		CC8F7291258284CB00013784 /* Frameworks */ = {
			isa = PBXFrameworksBuildPhase;
			buildActionMask = 2147483647;
			files = (
			);
			runOnlyForDeploymentPostprocessing = 0;
		};
/* End PBXFrameworksBuildPhase section */

/* Begin PBXGroup section */
		CC8F728B258284CB00013784 = {
			isa = PBXGroup;
			children = (
				CC8F7296258284CB00013784 /* SnowSceneAnimation */,
				CC8F7295258284CB00013784 /* Products */,
			);
			sourceTree = "<group>";
		};
		CC8F7295258284CB00013784 /* Products */ = {
			isa = PBXGroup;
			children = (
				CC8F7294258284CB00013784 /* SnowSceneAnimation.app */,
			);
			name = Products;
			sourceTree = "<group>";
		};
		CC8F7296258284CB00013784 /* SnowSceneAnimation */ = {
			isa = PBXGroup;
			children = (
				CC8F7297258284CB00013784 /* AppDelegate.swift */,
				CC8F7299258284CB00013784 /* SceneDelegate.swift */,
				CC8F72AE258285D800013784 /* SnowAnimationVC.swift */,
				CC8F72B225832FFD00013784 /* GradientView.swift */,
				CC8F72B62583332200013784 /* ParticleView.swift */,
				CC8F72BA258338C600013784 /* ShapeView.swift */,
				CC8F72A0258284D000013784 /* Assets.xcassets */,
				CC8F72A2258284D000013784 /* LaunchScreen.storyboard */,
				CC8F72A5258284D000013784 /* Info.plist */,
			);
			path = SnowSceneAnimation;
			sourceTree = "<group>";
		};
/* End PBXGroup section */

/* Begin PBXNativeTarget section */
		CC8F7293258284CB00013784 /* SnowSceneAnimation */ = {
			isa = PBXNativeTarget;
			buildConfigurationList = CC8F72A8258284D000013784 /* Build configuration list for PBXNativeTarget "SnowSceneAnimation" */;
			buildPhases = (
				CC8F7290258284CB00013784 /* Sources */,
				CC8F7291258284CB00013784 /* Frameworks */,
				CC8F7292258284CB00013784 /* Resources */,
			);
			buildRules = (
			);
			dependencies = (
			);
			name = SnowSceneAnimation;
			productName = SnowSceneAnimation;
			productReference = CC8F7294258284CB00013784 /* SnowSceneAnimation.app */;
			productType = "com.apple.product-type.application";
		};
/* End PBXNativeTarget section */

/* Begin PBXProject section */
		CC8F728C258284CB00013784 /* Project object */ = {
			isa = PBXProject;
			attributes = {
				LastSwiftUpdateCheck = 1220;
				LastUpgradeCheck = 1220;
				TargetAttributes = {
					CC8F7293258284CB00013784 = {
						CreatedOnToolsVersion = 12.2;
					};
				};
			};
			buildConfigurationList = CC8F728F258284CB00013784 /* Build configuration list for PBXProject "SnowSceneAnimation" */;
			compatibilityVersion = "Xcode 9.3";
			developmentRegion = en;
			hasScannedForEncodings = 0;
			knownRegions = (
				en,
				Base,
			);
			mainGroup = CC8F728B258284CB00013784;
			productRefGroup = CC8F7295258284CB00013784 /* Products */;
			projectDirPath = "";
			projectRoot = "";
			targets = (
				CC8F7293258284CB00013784 /* SnowSceneAnimation */,
			);
		};
/* End PBXProject section */

/* Begin PBXResourcesBuildPhase section */
		CC8F7292258284CB00013784 /* Resources */ = {
			isa = PBXResourcesBuildPhase;
			buildActionMask = 2147483647;
			files = (
				CC8F72A4258284D000013784 /* LaunchScreen.storyboard in Resources */,
				CC8F72A1258284D000013784 /* Assets.xcassets in Resources */,
			);
			runOnlyForDeploymentPostprocessing = 0;
		};
/* End PBXResourcesBuildPhase section */

/* Begin PBXSourcesBuildPhase section */
		CC8F7290258284CB00013784 /* Sources */ = {
			isa = PBXSourcesBuildPhase;
			buildActionMask = 2147483647;
			files = (
				CC8F72BB258338C600013784 /* ShapeView.swift in Sources */,
				CC8F7298258284CB00013784 /* AppDelegate.swift in Sources */,
				CC8F72AF258285D800013784 /* SnowAnimationVC.swift in Sources */,
				CC8F72B325832FFD00013784 /* GradientView.swift in Sources */,
				CC8F72B72583332200013784 /* ParticleView.swift in Sources */,
				CC8F729A258284CB00013784 /* SceneDelegate.swift in Sources */,
			);
			runOnlyForDeploymentPostprocessing = 0;
		};
/* End PBXSourcesBuildPhase section */

/* Begin PBXVariantGroup section */
		CC8F72A2258284D000013784 /* LaunchScreen.storyboard */ = {
			isa = PBXVariantGroup;
			children = (
				CC8F72A3258284D000013784 /* Base */,
			);
			name = LaunchScreen.storyboard;
			sourceTree = "<group>";
		};
/* End PBXVariantGroup section */

/* Begin XCBuildConfiguration section */
		CC8F72A6258284D000013784 /* Debug */ = {
			isa = XCBuildConfiguration;
			buildSettings = {
				ALWAYS_SEARCH_USER_PATHS = NO;
				CLANG_ANALYZER_NONNULL = YES;
				CLANG_ANALYZER_NUMBER_OBJECT_CONVERSION = YES_AGGRESSIVE;
				CLANG_CXX_LANGUAGE_STANDARD = "gnu++14";
				CLANG_CXX_LIBRARY = "libc++";
				CLANG_ENABLE_MODULES = YES;
				CLANG_ENABLE_OBJC_ARC = YES;
				CLANG_ENABLE_OBJC_WEAK = YES;
				CLANG_WARN_BLOCK_CAPTURE_AUTORELEASING = YES;
				CLANG_WARN_BOOL_CONVERSION = YES;
				CLANG_WARN_COMMA = YES;
				CLANG_WARN_CONSTANT_CONVERSION = YES;
				CLANG_WARN_DEPRECATED_OBJC_IMPLEMENTATIONS = YES;
				CLANG_WARN_DIRECT_OBJC_ISA_USAGE = YES_ERROR;
				CLANG_WARN_DOCUMENTATION_COMMENTS = YES;
				CLANG_WARN_EMPTY_BODY = YES;
				CLANG_WARN_ENUM_CONVERSION = YES;
				CLANG_WARN_INFINITE_RECURSION = YES;
				CLANG_WARN_INT_CONVERSION = YES;
				CLANG_WARN_NON_LITERAL_NULL_CONVERSION = YES;
				CLANG_WARN_OBJC_IMPLICIT_RETAIN_SELF = YES;
				CLANG_WARN_OBJC_LITERAL_CONVERSION = YES;
				CLANG_WARN_OBJC_ROOT_CLASS = YES_ERROR;
				CLANG_WARN_QUOTED_INCLUDE_IN_FRAMEWORK_HEADER = YES;
				CLANG_WARN_RANGE_LOOP_ANALYSIS = YES;
				CLANG_WARN_STRICT_PROTOTYPES = YES;
				CLANG_WARN_SUSPICIOUS_MOVE = YES;
				CLANG_WARN_UNGUARDED_AVAILABILITY = YES_AGGRESSIVE;
				CLANG_WARN_UNREACHABLE_CODE = YES;
				CLANG_WARN__DUPLICATE_METHOD_MATCH = YES;
				COPY_PHASE_STRIP = NO;
				DEBUG_INFORMATION_FORMAT = dwarf;
				ENABLE_STRICT_OBJC_MSGSEND = YES;
				ENABLE_TESTABILITY = YES;
				GCC_C_LANGUAGE_STANDARD = gnu11;
				GCC_DYNAMIC_NO_PIC = NO;
				GCC_NO_COMMON_BLOCKS = YES;
				GCC_OPTIMIZATION_LEVEL = 0;
				GCC_PREPROCESSOR_DEFINITIONS = (
					"DEBUG=1",
					"$(inherited)",
				);
				GCC_WARN_64_TO_32_BIT_CONVERSION = YES;
				GCC_WARN_ABOUT_RETURN_TYPE = YES_ERROR;
				GCC_WARN_UNDECLARED_SELECTOR = YES;
				GCC_WARN_UNINITIALIZED_AUTOS = YES_AGGRESSIVE;
				GCC_WARN_UNUSED_FUNCTION = YES;
				GCC_WARN_UNUSED_VARIABLE = YES;
				IPHONEOS_DEPLOYMENT_TARGET = 14.2;
				MTL_ENABLE_DEBUG_INFO = INCLUDE_SOURCE;
				MTL_FAST_MATH = YES;
				ONLY_ACTIVE_ARCH = YES;
				SDKROOT = iphoneos;
				SWIFT_ACTIVE_COMPILATION_CONDITIONS = DEBUG;
				SWIFT_OPTIMIZATION_LEVEL = "-Onone";
			};
			name = Debug;
		};
		CC8F72A7258284D000013784 /* Release */ = {
			isa = XCBuildConfiguration;
			buildSettings = {
				ALWAYS_SEARCH_USER_PATHS = NO;
				CLANG_ANALYZER_NONNULL = YES;
				CLANG_ANALYZER_NUMBER_OBJECT_CONVERSION = YES_AGGRESSIVE;
				CLANG_CXX_LANGUAGE_STANDARD = "gnu++14";
				CLANG_CXX_LIBRARY = "libc++";
				CLANG_ENABLE_MODULES = YES;
				CLANG_ENABLE_OBJC_ARC = YES;
				CLANG_ENABLE_OBJC_WEAK = YES;
				CLANG_WARN_BLOCK_CAPTURE_AUTORELEASING = YES;
				CLANG_WARN_BOOL_CONVERSION = YES;
				CLANG_WARN_COMMA = YES;
				CLANG_WARN_CONSTANT_CONVERSION = YES;
				CLANG_WARN_DEPRECATED_OBJC_IMPLEMENTATIONS = YES;
				CLANG_WARN_DIRECT_OBJC_ISA_USAGE = YES_ERROR;
				CLANG_WARN_DOCUMENTATION_COMMENTS = YES;
				CLANG_WARN_EMPTY_BODY = YES;
				CLANG_WARN_ENUM_CONVERSION = YES;
				CLANG_WARN_INFINITE_RECURSION = YES;
				CLANG_WARN_INT_CONVERSION = YES;
				CLANG_WARN_NON_LITERAL_NULL_CONVERSION = YES;
				CLANG_WARN_OBJC_IMPLICIT_RETAIN_SELF = YES;
				CLANG_WARN_OBJC_LITERAL_CONVERSION = YES;
				CLANG_WARN_OBJC_ROOT_CLASS = YES_ERROR;
				CLANG_WARN_QUOTED_INCLUDE_IN_FRAMEWORK_HEADER = YES;
				CLANG_WARN_RANGE_LOOP_ANALYSIS = YES;
				CLANG_WARN_STRICT_PROTOTYPES = YES;
				CLANG_WARN_SUSPICIOUS_MOVE = YES;
				CLANG_WARN_UNGUARDED_AVAILABILITY = YES_AGGRESSIVE;
				CLANG_WARN_UNREACHABLE_CODE = YES;
				CLANG_WARN__DUPLICATE_METHOD_MATCH = YES;
				COPY_PHASE_STRIP = NO;
				DEBUG_INFORMATION_FORMAT = "dwarf-with-dsym";
				ENABLE_NS_ASSERTIONS = NO;
				ENABLE_STRICT_OBJC_MSGSEND = YES;
				GCC_C_LANGUAGE_STANDARD = gnu11;
				GCC_NO_COMMON_BLOCKS = YES;
				GCC_WARN_64_TO_32_BIT_CONVERSION = YES;
				GCC_WARN_ABOUT_RETURN_TYPE = YES_ERROR;
				GCC_WARN_UNDECLARED_SELECTOR = YES;
				GCC_WARN_UNINITIALIZED_AUTOS = YES_AGGRESSIVE;
				GCC_WARN_UNUSED_FUNCTION = YES;
				GCC_WARN_UNUSED_VARIABLE = YES;
				IPHONEOS_DEPLOYMENT_TARGET = 14.2;
				MTL_ENABLE_DEBUG_INFO = NO;
				MTL_FAST_MATH = YES;
				SDKROOT = iphoneos;
				SWIFT_COMPILATION_MODE = wholemodule;
				SWIFT_OPTIMIZATION_LEVEL = "-O";
				VALIDATE_PRODUCT = YES;
			};
			name = Release;
		};
		CC8F72A9258284D000013784 /* Debug */ = {
			isa = XCBuildConfiguration;
			buildSettings = {
				ASSETCATALOG_COMPILER_APPICON_NAME = AppIcon;
				ASSETCATALOG_COMPILER_GLOBAL_ACCENT_COLOR_NAME = AccentColor;
				CODE_SIGN_STYLE = Automatic;
				DEVELOPMENT_TEAM = XM288BRHM4;
				INFOPLIST_FILE = SnowSceneAnimation/Info.plist;
				LD_RUNPATH_SEARCH_PATHS = (
					"$(inherited)",
					"@executable_path/Frameworks",
				);
				PRODUCT_BUNDLE_IDENTIFIER = "com.Michael-Haviv.SnowSceneAnimation";
				PRODUCT_NAME = "$(TARGET_NAME)";
				SWIFT_VERSION = 5.0;
				TARGETED_DEVICE_FAMILY = "1,2";
			};
			name = Debug;
		};
		CC8F72AA258284D000013784 /* Release */ = {
			isa = XCBuildConfiguration;
			buildSettings = {
				ASSETCATALOG_COMPILER_APPICON_NAME = AppIcon;
				ASSETCATALOG_COMPILER_GLOBAL_ACCENT_COLOR_NAME = AccentColor;
				CODE_SIGN_STYLE = Automatic;
				DEVELOPMENT_TEAM = XM288BRHM4;
				INFOPLIST_FILE = SnowSceneAnimation/Info.plist;
				LD_RUNPATH_SEARCH_PATHS = (
					"$(inherited)",
					"@executable_path/Frameworks",
				);
				PRODUCT_BUNDLE_IDENTIFIER = "com.Michael-Haviv.SnowSceneAnimation";
				PRODUCT_NAME = "$(TARGET_NAME)";
				SWIFT_VERSION = 5.0;
				TARGETED_DEVICE_FAMILY = "1,2";
			};
			name = Release;
		};
/* End XCBuildConfiguration section */

/* Begin XCConfigurationList section */
		CC8F728F258284CB00013784 /* Build configuration list for PBXProject "SnowSceneAnimation" */ = {
			isa = XCConfigurationList;
			buildConfigurations = (
				CC8F72A6258284D000013784 /* Debug */,
				CC8F72A7258284D000013784 /* Release */,
			);
			defaultConfigurationIsVisible = 0;
			defaultConfigurationName = Release;
		};
		CC8F72A8258284D000013784 /* Build configuration list for PBXNativeTarget "SnowSceneAnimation" */ = {
			isa = XCConfigurationList;
			buildConfigurations = (
				CC8F72A9258284D000013784 /* Debug */,
				CC8F72AA258284D000013784 /* Release */,
			);
			defaultConfigurationIsVisible = 0;
			defaultConfigurationName = Release;
		};
/* End XCConfigurationList section */
	};
	rootObject = CC8F728C258284CB00013784 /* Project object */;
}
